
Microsoft Visual Studio Solution File, Format Version 12.00
# Visual Studio Version 16
VisualStudioVersion = 16.0.30621.155
MinimumVisualStudioVersion = 10.0.40219.1
Project("{FAE04EC0-301F-11D3-BF4B-00C04F79EFBC}") = "ConsoleApp1", "ConsoleApp1\ConsoleApp1.csproj", "{985E29B2-99B3-4A7A-9396-64E03B664C18}"
EndProject
Global
	GlobalSection(SolutionConfigurationPlatforms) = preSolution
		Debug|Any CPU = Debug|Any CPU
		Release|Any CPU = Release|Any CPU
	EndGlobalSection
	GlobalSection(ProjectConfigurationPlatforms) = postSolution
		{985E29B2-99B3-4A7A-9396-64E03B664C18}.Debug|Any CPU.ActiveCfg = Debug|Any CPU
		{985E29B2-99B3-4A7A-9396-64E03B664C18}.Debug|Any CPU.Build.0 = Debug|Any CPU
		{985E29B2-99B3-4A7A-9396-64E03B664C18}.Release|Any CPU.ActiveCfg = Release|Any CPU
		{985E29B2-99B3-4A7A-9396-64E03B664C18}.Release|Any CPU.Build.0 = Release|Any CPU
	EndGlobalSection
	GlobalSection(SolutionProperties) = preSolution
		HideSolutionNode = FALSE
	EndGlobalSection
	GlobalSection(ExtensibilityGlobals) = postSolution
		SolutionGuid = {ECD8E1B5-07BD-460B-94FE-079C28C46106}
	EndGlobalSection
EndGlobal
